
Microsoft Visual Studio Solution File, Format Version 12.00
# Visual Studio Version 16
VisualStudioVersion = 16.0.29728.190
MinimumVisualStudioVersion = 10.0.40219.1
Project("{9A19103F-16F7-4668-BE54-9A1E7A4F7556}") = "LibraryWeb", "LibraryWeb\LibraryWeb.csproj", "{A931D011-C212-41D3-B363-04D80EDE64C6}"
EndProject
Project("{9A19103F-16F7-4668-BE54-9A1E7A4F7556}") = "LibraryData", "LibraryData\LibraryData.csproj", "{6B87654A-EE76-4CA3-BDBA-67E388406F04}"
EndProject
Project("{FAE04EC0-301F-11D3-BF4B-00C04F79EFBC}") = "LibraryService", "LibraryService\LibraryService.csproj", "{31B3CBBD-9E85-488C-889F-FD53FA749B50}"
EndProject
Global
	GlobalSection(SolutionConfigurationPlatforms) = preSolution
		Debug|Any CPU = Debug|Any CPU
		Release|Any CPU = Release|Any CPU
	EndGlobalSection
	GlobalSection(ProjectConfigurationPlatforms) = postSolution
		{A931D011-C212-41D3-B363-04D80EDE64C6}.Debug|Any CPU.ActiveCfg = Debug|Any CPU
		{A931D011-C212-41D3-B363-04D80EDE64C6}.Debug|Any CPU.Build.0 = Debug|Any CPU
		{A931D011-C212-41D3-B363-04D80EDE64C6}.Release|Any CPU.ActiveCfg = Release|Any CPU
		{A931D011-C212-41D3-B363-04D80EDE64C6}.Release|Any CPU.Build.0 = Release|Any CPU
		{6B87654A-EE76-4CA3-BDBA-67E388406F04}.Debug|Any CPU.ActiveCfg = Debug|Any CPU
		{6B87654A-EE76-4CA3-BDBA-67E388406F04}.Debug|Any CPU.Build.0 = Debug|Any CPU
		{6B87654A-EE76-4CA3-BDBA-67E388406F04}.Release|Any CPU.ActiveCfg = Release|Any CPU
		{6B87654A-EE76-4CA3-BDBA-67E388406F04}.Release|Any CPU.Build.0 = Release|Any CPU
		{31B3CBBD-9E85-488C-889F-FD53FA749B50}.Debug|Any CPU.ActiveCfg = Debug|Any CPU
		{31B3CBBD-9E85-488C-889F-FD53FA749B50}.Debug|Any CPU.Build.0 = Debug|Any CPU
		{31B3CBBD-9E85-488C-889F-FD53FA749B50}.Release|Any CPU.ActiveCfg = Release|Any CPU
		{31B3CBBD-9E85-488C-889F-FD53FA749B50}.Release|Any CPU.Build.0 = Release|Any CPU
	EndGlobalSection
	GlobalSection(SolutionProperties) = preSolution
		HideSolutionNode = FALSE
	EndGlobalSection
	GlobalSection(ExtensibilityGlobals) = postSolution
		SolutionGuid = {2C9ACDFD-35CB-47CF-9805-A6BAC4A37842}
	EndGlobalSection
EndGlobal
